
Microsoft Visual Studio Solution File, Format Version 12.00
# Visual Studio Version 17
VisualStudioVersion = 17.8.34330.188
MinimumVisualStudioVersion = 10.0.40219.1
Project("{FAE04EC0-301F-11D3-BF4B-00C04F79EFBC}") = "MauiTickets", "MauiTickets\MauiTickets.csproj", "{76145D34-4DA1-4EAE-B2E2-BF50AEE1CE5E}"
EndProject
Project("{FAE04EC0-301F-11D3-BF4B-00C04F79EFBC}") = "BlazorTickets", "BlazorTickets\BlazorTickets.csproj", "{BBFE6486-8932-48AA-BA5A-4A7DDD3B0BA8}"
EndProject
Project("{FAE04EC0-301F-11D3-BF4B-00C04F79EFBC}") = "TicketLibrary", "TicketLibrary\TicketLibrary.csproj", "{08650D96-E44B-416C-8AA8-C1538729DDDD}"
EndProject
Project("{FAE04EC0-301F-11D3-BF4B-00C04F79EFBC}") = "TestTicket", "TestTicket\TestTicket.csproj", "{E9A5D766-0115-4C6D-B0DF-6DFE53F7A5CF}"
EndProject
Global
	GlobalSection(SolutionConfigurationPlatforms) = preSolution
		Debug|Any CPU = Debug|Any CPU
		Release|Any CPU = Release|Any CPU
	EndGlobalSection
	GlobalSection(ProjectConfigurationPlatforms) = postSolution
		{76145D34-4DA1-4EAE-B2E2-BF50AEE1CE5E}.Debug|Any CPU.ActiveCfg = Debug|Any CPU
		{76145D34-4DA1-4EAE-B2E2-BF50AEE1CE5E}.Debug|Any CPU.Build.0 = Debug|Any CPU
		{76145D34-4DA1-4EAE-B2E2-BF50AEE1CE5E}.Debug|Any CPU.Deploy.0 = Debug|Any CPU
		{76145D34-4DA1-4EAE-B2E2-BF50AEE1CE5E}.Release|Any CPU.ActiveCfg = Release|Any CPU
		{76145D34-4DA1-4EAE-B2E2-BF50AEE1CE5E}.Release|Any CPU.Build.0 = Release|Any CPU
		{76145D34-4DA1-4EAE-B2E2-BF50AEE1CE5E}.Release|Any CPU.Deploy.0 = Release|Any CPU
		{BBFE6486-8932-48AA-BA5A-4A7DDD3B0BA8}.Debug|Any CPU.ActiveCfg = Debug|Any CPU
		{BBFE6486-8932-48AA-BA5A-4A7DDD3B0BA8}.Debug|Any CPU.Build.0 = Debug|Any CPU
		{BBFE6486-8932-48AA-BA5A-4A7DDD3B0BA8}.Release|Any CPU.ActiveCfg = Release|Any CPU
		{BBFE6486-8932-48AA-BA5A-4A7DDD3B0BA8}.Release|Any CPU.Build.0 = Release|Any CPU
		{08650D96-E44B-416C-8AA8-C1538729DDDD}.Debug|Any CPU.ActiveCfg = Debug|Any CPU
		{08650D96-E44B-416C-8AA8-C1538729DDDD}.Debug|Any CPU.Build.0 = Debug|Any CPU
		{08650D96-E44B-416C-8AA8-C1538729DDDD}.Release|Any CPU.ActiveCfg = Release|Any CPU
		{08650D96-E44B-416C-8AA8-C1538729DDDD}.Release|Any CPU.Build.0 = Release|Any CPU
		{E9A5D766-0115-4C6D-B0DF-6DFE53F7A5CF}.Debug|Any CPU.ActiveCfg = Debug|Any CPU
		{E9A5D766-0115-4C6D-B0DF-6DFE53F7A5CF}.Debug|Any CPU.Build.0 = Debug|Any CPU
		{E9A5D766-0115-4C6D-B0DF-6DFE53F7A5CF}.Release|Any CPU.ActiveCfg = Release|Any CPU
		{E9A5D766-0115-4C6D-B0DF-6DFE53F7A5CF}.Release|Any CPU.Build.0 = Release|Any CPU
	EndGlobalSection
	GlobalSection(SolutionProperties) = preSolution
		HideSolutionNode = FALSE
	EndGlobalSection
	GlobalSection(ExtensibilityGlobals) = postSolution
		SolutionGuid = {7D2B20E7-E9EC-4F89-BD49-51296C72E331}
	EndGlobalSection
EndGlobal
